
Microsoft Visual Studio Solution File, Format Version 12.00
# Visual Studio Version 17
VisualStudioVersion = 17.9.34616.47
MinimumVisualStudioVersion = 10.0.40219.1
Project("{9A19103F-16F7-4668-BE54-9A1E7A4F7556}") = "User_Microservices", "User_Microservices\User_Microservices.csproj", "{671E6216-468A-4F7D-8996-9155C2959A1D}"
EndProject
Global
	GlobalSection(SolutionConfigurationPlatforms) = preSolution
		Debug|Any CPU = Debug|Any CPU
		Release|Any CPU = Release|Any CPU
	EndGlobalSection
	GlobalSection(ProjectConfigurationPlatforms) = postSolution
		{671E6216-468A-4F7D-8996-9155C2959A1D}.Debug|Any CPU.ActiveCfg = Debug|Any CPU
		{671E6216-468A-4F7D-8996-9155C2959A1D}.Debug|Any CPU.Build.0 = Debug|Any CPU
		{671E6216-468A-4F7D-8996-9155C2959A1D}.Release|Any CPU.ActiveCfg = Release|Any CPU
		{671E6216-468A-4F7D-8996-9155C2959A1D}.Release|Any CPU.Build.0 = Release|Any CPU
	EndGlobalSection
	GlobalSection(SolutionProperties) = preSolution
		HideSolutionNode = FALSE
	EndGlobalSection
	GlobalSection(ExtensibilityGlobals) = postSolution
		SolutionGuid = {281AA756-45EC-4D3E-9FE7-F460309A8008}
	EndGlobalSection
EndGlobal
